# This file is automatically @generated by Poetry 2.1.2 and should not be changed by hand.

[[package]]
name = "python-gnupg"
version = "0.5.4"
description = "A wrapper for the Gnu Privacy Guard (GPG or GnuPG)"
optional = false
python-versions = "*"
groups = ["main"]
files = [
    {file = "python-gnupg-0.5.4.tar.gz", hash = "sha256:f2fdb5fb29615c77c2743e1cb3d9314353a6e87b10c37d238d91ae1c6feae086"},
    {file = "python_gnupg-0.5.4-py2.py3-none-any.whl", hash = "sha256:40ce25cde9df29af91fe931ce9df3ce544e14a37f62b13ca878c897217b2de6c"},
]

[metadata]
lock-version = "2.1"
python-versions = ">=3.7"
content-hash = "4e95bf997e55f807f14217b9273b5555c823ac451697ecf858d3dd07f6187c40"
